
Microsoft Visual Studio Solution File, Format Version 12.00
# Visual Studio Version 17
VisualStudioVersion = 17.0.31919.166
MinimumVisualStudioVersion = 10.0.40219.1
Project("{FAE04EC0-301F-11D3-BF4B-00C04F79EFBC}") = "LinkedListAssignments", "LinkedListAssignments.csproj", "{B2C29A7D-A5B4-43C9-A349-24103EBB26F2}"
EndProject
Global
	GlobalSection(SolutionConfigurationPlatforms) = preSolution
		Debug|Any CPU = Debug|Any CPU
		Release|Any CPU = Release|Any CPU
	EndGlobalSection
	GlobalSection(ProjectConfigurationPlatforms) = postSolution
		{B2C29A7D-A5B4-43C9-A349-24103EBB26F2}.Debug|Any CPU.ActiveCfg = Debug|Any CPU
		{B2C29A7D-A5B4-43C9-A349-24103EBB26F2}.Debug|Any CPU.Build.0 = Debug|Any CPU
		{B2C29A7D-A5B4-43C9-A349-24103EBB26F2}.Release|Any CPU.ActiveCfg = Release|Any CPU
		{B2C29A7D-A5B4-43C9-A349-24103EBB26F2}.Release|Any CPU.Build.0 = Release|Any CPU
	EndGlobalSection
	GlobalSection(SolutionProperties) = preSolution
		HideSolutionNode = FALSE
	EndGlobalSection
	GlobalSection(ExtensibilityGlobals) = postSolution
		SolutionGuid = {D947169B-83C8-42F9-8276-C78105A6B4EA}
	EndGlobalSection
EndGlobal
